
Microsoft Visual Studio Solution File, Format Version 12.00
# Visual Studio 14
VisualStudioVersion = 14.0.24720.0
MinimumVisualStudioVersion = 10.0.40219.1
Project("{FAE04EC0-301F-11D3-BF4B-00C04F79EFBC}") = "HallAndRoomServer", "HallAndRoomServer\HallAndRoomServer.csproj", "{D503D7B8-25EE-459B-922F-4E45B30B812D}"
	ProjectSection(ProjectDependencies) = postProject
		{A56EDC15-8408-4BD9-8F34-5B82BFFA473D} = {A56EDC15-8408-4BD9-8F34-5B82BFFA473D}
	EndProjectSection
EndProject
Project("{FAE04EC0-301F-11D3-BF4B-00C04F79EFBC}") = "Proto", "..\Proto\Proto.csproj", "{A56EDC15-8408-4BD9-8F34-5B82BFFA473D}"
EndProject
Global
	GlobalSection(SolutionConfigurationPlatforms) = preSolution
		Debug|Any CPU = Debug|Any CPU
		Release|Any CPU = Release|Any CPU
	EndGlobalSection
	GlobalSection(ProjectConfigurationPlatforms) = postSolution
		{D503D7B8-25EE-459B-922F-4E45B30B812D}.Debug|Any CPU.ActiveCfg = Debug|Any CPU
		{D503D7B8-25EE-459B-922F-4E45B30B812D}.Debug|Any CPU.Build.0 = Debug|Any CPU
		{D503D7B8-25EE-459B-922F-4E45B30B812D}.Release|Any CPU.ActiveCfg = Release|Any CPU
		{D503D7B8-25EE-459B-922F-4E45B30B812D}.Release|Any CPU.Build.0 = Release|Any CPU
		{A56EDC15-8408-4BD9-8F34-5B82BFFA473D}.Debug|Any CPU.ActiveCfg = Debug|Any CPU
		{A56EDC15-8408-4BD9-8F34-5B82BFFA473D}.Debug|Any CPU.Build.0 = Debug|Any CPU
		{A56EDC15-8408-4BD9-8F34-5B82BFFA473D}.Release|Any CPU.ActiveCfg = Release|Any CPU
		{A56EDC15-8408-4BD9-8F34-5B82BFFA473D}.Release|Any CPU.Build.0 = Release|Any CPU
	EndGlobalSection
	GlobalSection(SolutionProperties) = preSolution
		HideSolutionNode = FALSE
	EndGlobalSection
EndGlobal
